
Microsoft Visual Studio Solution File, Format Version 12.00
# Visual Studio 14
VisualStudioVersion = 14.0.25420.1
MinimumVisualStudioVersion = 10.0.40219.1
Project("{2150E333-8FDC-42A3-9474-1A3956D46DE8}") = "Solution Items", "Solution Items", "{55693CC7-9BDB-4B87-9084-D1E3B91DEC57}"
	ProjectSection(SolutionItems) = preProject
		Dependency.txt = Dependency.txt
	EndProjectSection
EndProject
Project("{2150E333-8FDC-42A3-9474-1A3956D46DE8}") = ".nuget", ".nuget", "{6D4C9B47-16E6-4712-A802-AD9C8EF5861B}"
	ProjectSection(SolutionItems) = preProject
		.nuget\NuGet.Config = .nuget\NuGet.Config
		.nuget\NuGet.exe = .nuget\NuGet.exe
		.nuget\NuGet.targets = .nuget\NuGet.targets
	EndProjectSection
EndProject
Project("{FAE04EC0-301F-11D3-BF4B-00C04F79EFBC}") = "Web", "Web\Web.csproj", "{F8ED37FF-8E3F-4AA9-ADD6-229BC8B0C80B}"
EndProject
Project("{FAE04EC0-301F-11D3-BF4B-00C04F79EFBC}") = "Data", "Data\Data.csproj", "{C823D0CB-21CB-4D7A-B044-07FA1AEF69AE}"
EndProject
Project("{FAE04EC0-301F-11D3-BF4B-00C04F79EFBC}") = "Data.Test", "Data.Test\Data.Test.csproj", "{81F6EAC6-3B43-4302-B949-FFECAA8D869B}"
EndProject
Project("{FAE04EC0-301F-11D3-BF4B-00C04F79EFBC}") = "Domain", "Domain\Domain.csproj", "{85075A15-B097-4E0B-9651-961D1D88A467}"
EndProject
Project("{911E67C6-3D85-4FCE-B560-20A9C3E3FF48}") = "NuGet", ".nuget\NuGet.exe", "{6AA4E780-F275-437E-A4F0-2A1497BFEB69}"
	ProjectSection(DebuggerProjectSystem) = preProject
		PortSupplier = 00000000-0000-0000-0000-000000000000
		Executable = D:\Projects_tfs\Development\Wesite\LabBillCo\.nuget\NuGet.exe
		RemoteMachine = SAGITEC-0657
		StartingDirectory = D:\Projects_tfs\Development\Wesite\LabBillCo\.nuget
		Environment = Default
		LaunchingEngine = 00000000-0000-0000-0000-000000000000
		UseLegacyDebugEngines = No
		LaunchSQLEngine = No
		AttachLaunchAction = No
	EndProjectSection
EndProject
Project("{FAE04EC0-301F-11D3-BF4B-00C04F79EFBC}") = "Domain.Test", "Domain.Test\Domain.Test.csproj", "{C209FDB3-078F-4129-BD42-15180CDFA2A5}"
EndProject
Project("{FAE04EC0-301F-11D3-BF4B-00C04F79EFBC}") = "Infrastructure", "Infrastructure\Infrastructure.csproj", "{3C8F5911-36D1-493E-8315-D57F8CAB0E8C}"
EndProject
Project("{FAE04EC0-301F-11D3-BF4B-00C04F79EFBC}") = "Infrastructure.Test", "Infrastructure.Test\Infrastructure.Test.csproj", "{82BB6201-58ED-4F2C-95A0-395BCF593DC4}"
EndProject
Global
	GlobalSection(SolutionConfigurationPlatforms) = preSolution
		Debug|Any CPU = Debug|Any CPU
		Debug|x86 = Debug|x86
		Release|Any CPU = Release|Any CPU
		Release|x86 = Release|x86
	EndGlobalSection
	GlobalSection(ProjectConfigurationPlatforms) = postSolution
		{F8ED37FF-8E3F-4AA9-ADD6-229BC8B0C80B}.Debug|Any CPU.ActiveCfg = Debug|Any CPU
		{F8ED37FF-8E3F-4AA9-ADD6-229BC8B0C80B}.Debug|Any CPU.Build.0 = Debug|Any CPU
		{F8ED37FF-8E3F-4AA9-ADD6-229BC8B0C80B}.Debug|x86.ActiveCfg = Debug|Any CPU
		{F8ED37FF-8E3F-4AA9-ADD6-229BC8B0C80B}.Release|Any CPU.ActiveCfg = Release|Any CPU
		{F8ED37FF-8E3F-4AA9-ADD6-229BC8B0C80B}.Release|Any CPU.Build.0 = Release|Any CPU
		{F8ED37FF-8E3F-4AA9-ADD6-229BC8B0C80B}.Release|x86.ActiveCfg = Release|Any CPU
		{C823D0CB-21CB-4D7A-B044-07FA1AEF69AE}.Debug|Any CPU.ActiveCfg = Debug|Any CPU
		{C823D0CB-21CB-4D7A-B044-07FA1AEF69AE}.Debug|Any CPU.Build.0 = Debug|Any CPU
		{C823D0CB-21CB-4D7A-B044-07FA1AEF69AE}.Debug|x86.ActiveCfg = Debug|Any CPU
		{C823D0CB-21CB-4D7A-B044-07FA1AEF69AE}.Release|Any CPU.ActiveCfg = Release|Any CPU
		{C823D0CB-21CB-4D7A-B044-07FA1AEF69AE}.Release|Any CPU.Build.0 = Release|Any CPU
		{C823D0CB-21CB-4D7A-B044-07FA1AEF69AE}.Release|x86.ActiveCfg = Release|Any CPU
		{81F6EAC6-3B43-4302-B949-FFECAA8D869B}.Debug|Any CPU.ActiveCfg = Debug|Any CPU
		{81F6EAC6-3B43-4302-B949-FFECAA8D869B}.Debug|Any CPU.Build.0 = Debug|Any CPU
		{81F6EAC6-3B43-4302-B949-FFECAA8D869B}.Debug|x86.ActiveCfg = Debug|Any CPU
		{81F6EAC6-3B43-4302-B949-FFECAA8D869B}.Release|Any CPU.ActiveCfg = Release|Any CPU
		{81F6EAC6-3B43-4302-B949-FFECAA8D869B}.Release|Any CPU.Build.0 = Release|Any CPU
		{81F6EAC6-3B43-4302-B949-FFECAA8D869B}.Release|x86.ActiveCfg = Release|Any CPU
		{85075A15-B097-4E0B-9651-961D1D88A467}.Debug|Any CPU.ActiveCfg = Debug|Any CPU
		{85075A15-B097-4E0B-9651-961D1D88A467}.Debug|Any CPU.Build.0 = Debug|Any CPU
		{85075A15-B097-4E0B-9651-961D1D88A467}.Debug|x86.ActiveCfg = Debug|Any CPU
		{85075A15-B097-4E0B-9651-961D1D88A467}.Release|Any CPU.ActiveCfg = Release|Any CPU
		{85075A15-B097-4E0B-9651-961D1D88A467}.Release|Any CPU.Build.0 = Release|Any CPU
		{85075A15-B097-4E0B-9651-961D1D88A467}.Release|x86.ActiveCfg = Release|Any CPU
		{6AA4E780-F275-437E-A4F0-2A1497BFEB69}.Debug|Any CPU.ActiveCfg = Release|x86
		{6AA4E780-F275-437E-A4F0-2A1497BFEB69}.Debug|x86.ActiveCfg = Release|x86
		{6AA4E780-F275-437E-A4F0-2A1497BFEB69}.Release|Any CPU.ActiveCfg = Release|x86
		{6AA4E780-F275-437E-A4F0-2A1497BFEB69}.Release|x86.ActiveCfg = Release|x86
		{C209FDB3-078F-4129-BD42-15180CDFA2A5}.Debug|Any CPU.ActiveCfg = Debug|Any CPU
		{C209FDB3-078F-4129-BD42-15180CDFA2A5}.Debug|Any CPU.Build.0 = Debug|Any CPU
		{C209FDB3-078F-4129-BD42-15180CDFA2A5}.Debug|x86.ActiveCfg = Debug|Any CPU
		{C209FDB3-078F-4129-BD42-15180CDFA2A5}.Debug|x86.Build.0 = Debug|Any CPU
		{C209FDB3-078F-4129-BD42-15180CDFA2A5}.Release|Any CPU.ActiveCfg = Release|Any CPU
		{C209FDB3-078F-4129-BD42-15180CDFA2A5}.Release|Any CPU.Build.0 = Release|Any CPU
		{C209FDB3-078F-4129-BD42-15180CDFA2A5}.Release|x86.ActiveCfg = Release|Any CPU
		{C209FDB3-078F-4129-BD42-15180CDFA2A5}.Release|x86.Build.0 = Release|Any CPU
		{3C8F5911-36D1-493E-8315-D57F8CAB0E8C}.Debug|Any CPU.ActiveCfg = Debug|Any CPU
		{3C8F5911-36D1-493E-8315-D57F8CAB0E8C}.Debug|Any CPU.Build.0 = Debug|Any CPU
		{3C8F5911-36D1-493E-8315-D57F8CAB0E8C}.Debug|x86.ActiveCfg = Debug|Any CPU
		{3C8F5911-36D1-493E-8315-D57F8CAB0E8C}.Debug|x86.Build.0 = Debug|Any CPU
		{3C8F5911-36D1-493E-8315-D57F8CAB0E8C}.Release|Any CPU.ActiveCfg = Release|Any CPU
		{3C8F5911-36D1-493E-8315-D57F8CAB0E8C}.Release|Any CPU.Build.0 = Release|Any CPU
		{3C8F5911-36D1-493E-8315-D57F8CAB0E8C}.Release|x86.ActiveCfg = Release|Any CPU
		{3C8F5911-36D1-493E-8315-D57F8CAB0E8C}.Release|x86.Build.0 = Release|Any CPU
		{82BB6201-58ED-4F2C-95A0-395BCF593DC4}.Debug|Any CPU.ActiveCfg = Debug|Any CPU
		{82BB6201-58ED-4F2C-95A0-395BCF593DC4}.Debug|Any CPU.Build.0 = Debug|Any CPU
		{82BB6201-58ED-4F2C-95A0-395BCF593DC4}.Debug|x86.ActiveCfg = Debug|Any CPU
		{82BB6201-58ED-4F2C-95A0-395BCF593DC4}.Debug|x86.Build.0 = Debug|Any CPU
		{82BB6201-58ED-4F2C-95A0-395BCF593DC4}.Release|Any CPU.ActiveCfg = Release|Any CPU
		{82BB6201-58ED-4F2C-95A0-395BCF593DC4}.Release|Any CPU.Build.0 = Release|Any CPU
		{82BB6201-58ED-4F2C-95A0-395BCF593DC4}.Release|x86.ActiveCfg = Release|Any CPU
		{82BB6201-58ED-4F2C-95A0-395BCF593DC4}.Release|x86.Build.0 = Release|Any CPU
	EndGlobalSection
	GlobalSection(SolutionProperties) = preSolution
		HideSolutionNode = FALSE
	EndGlobalSection
	GlobalSection(TeamFoundationVersionControl) = preSolution
		SccNumberOfProjects = 9
		SccEnterpriseProvider = {4CA58AB2-18FA-4F8D-95D4-32DDF27D184C}
		SccTeamFoundationServer = http://sag-tfs-01:8080/tfs/hlscollection
		SccProjectUniqueName0 = Web\\Web.csproj
		SccProjectName0 = Web
		SccLocalPath0 = Web
		SccProjectUniqueName1 = Data\\Data.csproj
		SccProjectName1 = Data
		SccLocalPath1 = Data
		SccProjectUniqueName2 = Data.Test\\Data.Test.csproj
		SccProjectName2 = Data.Test
		SccLocalPath2 = Data.Test
		SccProjectUniqueName3 = Domain\\Domain.csproj
		SccProjectName3 = Domain
		SccLocalPath3 = Domain
		SccProjectUniqueName4 = .nuget\\NuGet.exe
		SccProjectName4 = .nuget
		SccLocalPath4 = .nuget
		SccProjectUniqueName5 = Domain.Test\\Domain.Test.csproj
		SccProjectName5 = Domain.Test
		SccLocalPath5 = Domain.Test
		SccProjectUniqueName6 = Infrastructure\\Infrastructure.csproj
		SccProjectName6 = Infrastructure
		SccLocalPath6 = Infrastructure
		SccProjectUniqueName7 = Infrastructure.Test\\Infrastructure.Test.csproj
		SccProjectName7 = Infrastructure.Test
		SccLocalPath7 = Infrastructure.Test
		SccLocalPath8 = .
	EndGlobalSection
	GlobalSection(SubversionScc) = preSolution
		Svn-Managed = True
		Manager = AnkhSVN - Subversion Support for Visual Studio
	EndGlobalSection
EndGlobal
